
Microsoft Visual Studio Solution File, Format Version 12.00
# Visual Studio 15
Project("{FAE04EC0-301F-11D3-BF4B-00C04F79EFBC}") = "Assembly-CSharp", "Assembly-CSharp.csproj", "{AA80CB2E-A7E7-048D-EC4F-2AA944093215}"
EndProject
Project("{FAE04EC0-301F-11D3-BF4B-00C04F79EFBC}") = "Assembly-CSharp-Editor", "Assembly-CSharp-Editor.csproj", "{83C97937-B658-9AE1-5A5B-A70A002D3181}"
EndProject
Global
	GlobalSection(SolutionConfigurationPlatforms) = preSolution
		Debug|Any CPU = Debug|Any CPU
		Release|Any CPU = Release|Any CPU
	EndGlobalSection
	GlobalSection(ProjectConfigurationPlatforms) = postSolution
		{AA80CB2E-A7E7-048D-EC4F-2AA944093215}.Debug|Any CPU.ActiveCfg = Debug|Any CPU
		{AA80CB2E-A7E7-048D-EC4F-2AA944093215}.Debug|Any CPU.Build.0 = Debug|Any CPU
		{AA80CB2E-A7E7-048D-EC4F-2AA944093215}.Release|Any CPU.ActiveCfg = Release|Any CPU
		{AA80CB2E-A7E7-048D-EC4F-2AA944093215}.Release|Any CPU.Build.0 = Release|Any CPU
		{83C97937-B658-9AE1-5A5B-A70A002D3181}.Debug|Any CPU.ActiveCfg = Debug|Any CPU
		{83C97937-B658-9AE1-5A5B-A70A002D3181}.Debug|Any CPU.Build.0 = Debug|Any CPU
		{83C97937-B658-9AE1-5A5B-A70A002D3181}.Release|Any CPU.ActiveCfg = Release|Any CPU
		{83C97937-B658-9AE1-5A5B-A70A002D3181}.Release|Any CPU.Build.0 = Release|Any CPU
	EndGlobalSection
	GlobalSection(SolutionProperties) = preSolution
		HideSolutionNode = FALSE
	EndGlobalSection
EndGlobal
